
Microsoft Visual Studio Solution File, Format Version 12.00
# Visual Studio Version 17
VisualStudioVersion = 17.3.32819.101
MinimumVisualStudioVersion = 10.0.40219.1
Project("{FAE04EC0-301F-11D3-BF4B-00C04F79EFBC}") = "AdventureWorks.Client.Blazor.Common", "AdventureWorks.Client.Blazor.Common\AdventureWorks.Client.Blazor.Common.csproj", "{5C1B934A-64B8-4F90-B4B8-4C24E8C78D7E}"
EndProject
Project("{FAE04EC0-301F-11D3-BF4B-00C04F79EFBC}") = "AdventureWorks.Client.Blazor.Server", "AdventureWorks.Client.Blazor.Server\AdventureWorks.Client.Blazor.Server.csproj", "{A483B966-A6FB-4AE1-AE54-5023542ED65E}"
EndProject
Project("{FAE04EC0-301F-11D3-BF4B-00C04F79EFBC}") = "AdventureWorks.Client.Blazor.Wasm", "AdventureWorks.Client.Blazor.Wasm\AdventureWorks.Client.Blazor.Wasm.csproj", "{6BA3E857-0CC3-4841-9AAB-0D9A47A3DDC3}"
EndProject
Project("{FAE04EC0-301F-11D3-BF4B-00C04F79EFBC}") = "AdventureWorks.Client.Common", "AdventureWorks.Client.Common\AdventureWorks.Client.Common.csproj", "{AA6148DE-B602-44D0-8CE9-B3653A5BDE85}"
EndProject
Project("{952B131A-83A3-49CE-ACAC-E4BEBC86F246}") = "AdventureWorks.Model", "AdventureWorks.Model\AdventureWorks.Model.xomproj", "{34B449FD-2998-4C26-9273-44F2A2044912}"
EndProject
Project("{FAE04EC0-301F-11D3-BF4B-00C04F79EFBC}") = "AdventureWorks.Services.Common", "AdventureWorks.Services.Common\AdventureWorks.Services.Common.csproj", "{A1CD9C24-5042-465F-A268-17B18FEE39F9}"
EndProject
Project("{FAE04EC0-301F-11D3-BF4B-00C04F79EFBC}") = "AdventureWorks.Services.Entities", "AdventureWorks.Services.Entities\AdventureWorks.Services.Entities.csproj", "{9DD56F3C-4497-47C4-A2F7-DA2B06899ACD}"
EndProject
Project("{FAE04EC0-301F-11D3-BF4B-00C04F79EFBC}") = "AdventureWorks.Services.Rest", "AdventureWorks.Services.Rest\AdventureWorks.Services.Rest.csproj", "{42BB3249-4A6B-4CE6-B738-89A3E7CA300C}"
EndProject
Global
	GlobalSection(SolutionConfigurationPlatforms) = preSolution
		Debug|Any CPU = Debug|Any CPU
		Release|Any CPU = Release|Any CPU
	EndGlobalSection
	GlobalSection(ProjectConfigurationPlatforms) = postSolution
		{5C1B934A-64B8-4F90-B4B8-4C24E8C78D7E}.Debug|Any CPU.ActiveCfg = Debug|Any CPU
		{5C1B934A-64B8-4F90-B4B8-4C24E8C78D7E}.Debug|Any CPU.Build.0 = Debug|Any CPU
		{5C1B934A-64B8-4F90-B4B8-4C24E8C78D7E}.Release|Any CPU.ActiveCfg = Release|Any CPU
		{5C1B934A-64B8-4F90-B4B8-4C24E8C78D7E}.Release|Any CPU.Build.0 = Release|Any CPU
		{A483B966-A6FB-4AE1-AE54-5023542ED65E}.Debug|Any CPU.ActiveCfg = Debug|Any CPU
		{A483B966-A6FB-4AE1-AE54-5023542ED65E}.Debug|Any CPU.Build.0 = Debug|Any CPU
		{A483B966-A6FB-4AE1-AE54-5023542ED65E}.Release|Any CPU.ActiveCfg = Release|Any CPU
		{A483B966-A6FB-4AE1-AE54-5023542ED65E}.Release|Any CPU.Build.0 = Release|Any CPU
		{6BA3E857-0CC3-4841-9AAB-0D9A47A3DDC3}.Debug|Any CPU.ActiveCfg = Debug|Any CPU
		{6BA3E857-0CC3-4841-9AAB-0D9A47A3DDC3}.Debug|Any CPU.Build.0 = Debug|Any CPU
		{6BA3E857-0CC3-4841-9AAB-0D9A47A3DDC3}.Release|Any CPU.ActiveCfg = Release|Any CPU
		{6BA3E857-0CC3-4841-9AAB-0D9A47A3DDC3}.Release|Any CPU.Build.0 = Release|Any CPU
		{AA6148DE-B602-44D0-8CE9-B3653A5BDE85}.Debug|Any CPU.ActiveCfg = Debug|Any CPU
		{AA6148DE-B602-44D0-8CE9-B3653A5BDE85}.Debug|Any CPU.Build.0 = Debug|Any CPU
		{AA6148DE-B602-44D0-8CE9-B3653A5BDE85}.Release|Any CPU.ActiveCfg = Release|Any CPU
		{AA6148DE-B602-44D0-8CE9-B3653A5BDE85}.Release|Any CPU.Build.0 = Release|Any CPU
		{34B449FD-2998-4C26-9273-44F2A2044912}.Debug|Any CPU.ActiveCfg = Debug|Any CPU
		{34B449FD-2998-4C26-9273-44F2A2044912}.Release|Any CPU.ActiveCfg = Release|Any CPU
		{A1CD9C24-5042-465F-A268-17B18FEE39F9}.Debug|Any CPU.ActiveCfg = Debug|Any CPU
		{A1CD9C24-5042-465F-A268-17B18FEE39F9}.Debug|Any CPU.Build.0 = Debug|Any CPU
		{A1CD9C24-5042-465F-A268-17B18FEE39F9}.Release|Any CPU.ActiveCfg = Release|Any CPU
		{A1CD9C24-5042-465F-A268-17B18FEE39F9}.Release|Any CPU.Build.0 = Release|Any CPU
		{9DD56F3C-4497-47C4-A2F7-DA2B06899ACD}.Debug|Any CPU.ActiveCfg = Debug|Any CPU
		{9DD56F3C-4497-47C4-A2F7-DA2B06899ACD}.Debug|Any CPU.Build.0 = Debug|Any CPU
		{9DD56F3C-4497-47C4-A2F7-DA2B06899ACD}.Release|Any CPU.ActiveCfg = Release|Any CPU
		{9DD56F3C-4497-47C4-A2F7-DA2B06899ACD}.Release|Any CPU.Build.0 = Release|Any CPU
		{42BB3249-4A6B-4CE6-B738-89A3E7CA300C}.Debug|Any CPU.ActiveCfg = Debug|Any CPU
		{42BB3249-4A6B-4CE6-B738-89A3E7CA300C}.Debug|Any CPU.Build.0 = Debug|Any CPU
		{42BB3249-4A6B-4CE6-B738-89A3E7CA300C}.Release|Any CPU.ActiveCfg = Release|Any CPU
		{42BB3249-4A6B-4CE6-B738-89A3E7CA300C}.Release|Any CPU.Build.0 = Release|Any CPU
	EndGlobalSection
	GlobalSection(SolutionProperties) = preSolution
		HideSolutionNode = FALSE
	EndGlobalSection
	GlobalSection(ExtensibilityGlobals) = postSolution
		SolutionGuid = {552A4372-6EC6-46D9-A9D6-A32EF1FED208}
	EndGlobalSection
EndGlobal
