
Microsoft Visual Studio Solution File, Format Version 12.00
# Visual Studio Version 17
VisualStudioVersion = 17.10.35004.147
MinimumVisualStudioVersion = 10.0.40219.1
Project("{FAE04EC0-301F-11D3-BF4B-00C04F79EFBC}") = "AdventureWorks.Client.Blazor", "AdventureWorks.Client.Blazor\AdventureWorks.Client.Blazor.csproj", "{AABBBBCE-97EE-410E-982E-DDDE52A853DA}"
EndProject
Project("{FAE04EC0-301F-11D3-BF4B-00C04F79EFBC}") = "AdventureWorks.Client.Blazor.Common", "AdventureWorks.Client.Blazor.Common\AdventureWorks.Client.Blazor.Common.csproj", "{7BF2C805-E00F-4049-8890-82175523FAF2}"
EndProject
Project("{FAE04EC0-301F-11D3-BF4B-00C04F79EFBC}") = "AdventureWorks.Client.Blazor.Wasm", "AdventureWorks.Client.Blazor.Wasm\AdventureWorks.Client.Blazor.Wasm.csproj", "{A009E803-9D7C-4320-B355-340C62097F0F}"
EndProject
Project("{FAE04EC0-301F-11D3-BF4B-00C04F79EFBC}") = "AdventureWorks.Client.Common", "AdventureWorks.Client.Common\AdventureWorks.Client.Common.csproj", "{699E2289-F9D9-4574-8276-05928F09F6C8}"
EndProject
Project("{952B131A-83A3-49CE-ACAC-E4BEBC86F246}") = "AdventureWorks.Model", "AdventureWorks.Model\AdventureWorks.Model.xomproj", "{BFD72CDA-1A79-4D03-BCB3-576017A3B2F6}"
EndProject
Project("{FAE04EC0-301F-11D3-BF4B-00C04F79EFBC}") = "AdventureWorks.Services.Common", "AdventureWorks.Services.Common\AdventureWorks.Services.Common.csproj", "{8C8FA76D-3FB3-49DE-A1D2-C71AF3DAC858}"
EndProject
Project("{FAE04EC0-301F-11D3-BF4B-00C04F79EFBC}") = "AdventureWorks.Services.Entities", "AdventureWorks.Services.Entities\AdventureWorks.Services.Entities.csproj", "{51180FC7-418D-4AAC-8421-7CE9A6933EE6}"
EndProject
Project("{FAE04EC0-301F-11D3-BF4B-00C04F79EFBC}") = "AdventureWorks.Services.Rest", "AdventureWorks.Services.Rest\AdventureWorks.Services.Rest.csproj", "{6E5436B4-AA7B-49F9-A692-4C365E22E3EF}"
EndProject
Global
	GlobalSection(SolutionConfigurationPlatforms) = preSolution
		Debug|Any CPU = Debug|Any CPU
		Release|Any CPU = Release|Any CPU
	EndGlobalSection
	GlobalSection(ProjectConfigurationPlatforms) = postSolution
		{AABBBBCE-97EE-410E-982E-DDDE52A853DA}.Debug|Any CPU.ActiveCfg = Debug|Any CPU
		{AABBBBCE-97EE-410E-982E-DDDE52A853DA}.Debug|Any CPU.Build.0 = Debug|Any CPU
		{AABBBBCE-97EE-410E-982E-DDDE52A853DA}.Release|Any CPU.ActiveCfg = Release|Any CPU
		{AABBBBCE-97EE-410E-982E-DDDE52A853DA}.Release|Any CPU.Build.0 = Release|Any CPU
		{7BF2C805-E00F-4049-8890-82175523FAF2}.Debug|Any CPU.ActiveCfg = Debug|Any CPU
		{7BF2C805-E00F-4049-8890-82175523FAF2}.Debug|Any CPU.Build.0 = Debug|Any CPU
		{7BF2C805-E00F-4049-8890-82175523FAF2}.Release|Any CPU.ActiveCfg = Release|Any CPU
		{7BF2C805-E00F-4049-8890-82175523FAF2}.Release|Any CPU.Build.0 = Release|Any CPU
		{A009E803-9D7C-4320-B355-340C62097F0F}.Debug|Any CPU.ActiveCfg = Debug|Any CPU
		{A009E803-9D7C-4320-B355-340C62097F0F}.Debug|Any CPU.Build.0 = Debug|Any CPU
		{A009E803-9D7C-4320-B355-340C62097F0F}.Release|Any CPU.ActiveCfg = Release|Any CPU
		{A009E803-9D7C-4320-B355-340C62097F0F}.Release|Any CPU.Build.0 = Release|Any CPU
		{699E2289-F9D9-4574-8276-05928F09F6C8}.Debug|Any CPU.ActiveCfg = Debug|Any CPU
		{699E2289-F9D9-4574-8276-05928F09F6C8}.Debug|Any CPU.Build.0 = Debug|Any CPU
		{699E2289-F9D9-4574-8276-05928F09F6C8}.Release|Any CPU.ActiveCfg = Release|Any CPU
		{699E2289-F9D9-4574-8276-05928F09F6C8}.Release|Any CPU.Build.0 = Release|Any CPU
		{BFD72CDA-1A79-4D03-BCB3-576017A3B2F6}.Debug|Any CPU.ActiveCfg = Debug|Any CPU
		{BFD72CDA-1A79-4D03-BCB3-576017A3B2F6}.Release|Any CPU.ActiveCfg = Release|Any CPU
		{8C8FA76D-3FB3-49DE-A1D2-C71AF3DAC858}.Debug|Any CPU.ActiveCfg = Debug|Any CPU
		{8C8FA76D-3FB3-49DE-A1D2-C71AF3DAC858}.Debug|Any CPU.Build.0 = Debug|Any CPU
		{8C8FA76D-3FB3-49DE-A1D2-C71AF3DAC858}.Release|Any CPU.ActiveCfg = Release|Any CPU
		{8C8FA76D-3FB3-49DE-A1D2-C71AF3DAC858}.Release|Any CPU.Build.0 = Release|Any CPU
		{51180FC7-418D-4AAC-8421-7CE9A6933EE6}.Debug|Any CPU.ActiveCfg = Debug|Any CPU
		{51180FC7-418D-4AAC-8421-7CE9A6933EE6}.Debug|Any CPU.Build.0 = Debug|Any CPU
		{51180FC7-418D-4AAC-8421-7CE9A6933EE6}.Release|Any CPU.ActiveCfg = Release|Any CPU
		{51180FC7-418D-4AAC-8421-7CE9A6933EE6}.Release|Any CPU.Build.0 = Release|Any CPU
		{6E5436B4-AA7B-49F9-A692-4C365E22E3EF}.Debug|Any CPU.ActiveCfg = Debug|Any CPU
		{6E5436B4-AA7B-49F9-A692-4C365E22E3EF}.Debug|Any CPU.Build.0 = Debug|Any CPU
		{6E5436B4-AA7B-49F9-A692-4C365E22E3EF}.Release|Any CPU.ActiveCfg = Release|Any CPU
		{6E5436B4-AA7B-49F9-A692-4C365E22E3EF}.Release|Any CPU.Build.0 = Release|Any CPU
	EndGlobalSection
	GlobalSection(SolutionProperties) = preSolution
		HideSolutionNode = FALSE
	EndGlobalSection
	GlobalSection(ExtensibilityGlobals) = postSolution
		SolutionGuid = {163BE41C-191C-452B-8DD6-DB8E5AD2D29B}
	EndGlobalSection
EndGlobal
